
Microsoft Visual Studio Solution File, Format Version 12.00
# Visual Studio Version 17
VisualStudioVersion = 17.4.33110.190
MinimumVisualStudioVersion = 10.0.40219.1
Project("{FAE04EC0-301F-11D3-BF4B-00C04F79EFBC}") = "Generic Collections", "Generic Collections\Generic Collections.csproj", "{CE561990-28DE-4CCC-A87A-F9961FAE64BD}"
EndProject
Global
	GlobalSection(SolutionConfigurationPlatforms) = preSolution
		Debug|Any CPU = Debug|Any CPU
		Release|Any CPU = Release|Any CPU
	EndGlobalSection
	GlobalSection(ProjectConfigurationPlatforms) = postSolution
		{CE561990-28DE-4CCC-A87A-F9961FAE64BD}.Debug|Any CPU.ActiveCfg = Debug|Any CPU
		{CE561990-28DE-4CCC-A87A-F9961FAE64BD}.Debug|Any CPU.Build.0 = Debug|Any CPU
		{CE561990-28DE-4CCC-A87A-F9961FAE64BD}.Release|Any CPU.ActiveCfg = Release|Any CPU
		{CE561990-28DE-4CCC-A87A-F9961FAE64BD}.Release|Any CPU.Build.0 = Release|Any CPU
	EndGlobalSection
	GlobalSection(SolutionProperties) = preSolution
		HideSolutionNode = FALSE
	EndGlobalSection
	GlobalSection(ExtensibilityGlobals) = postSolution
		SolutionGuid = {AA55EF1F-327F-4318-B524-C60D2F8B4DAC}
	EndGlobalSection
EndGlobal
